// !$*UTF8*$!
{
	archiveVersion = 1;
	classes = {
	};
	objectVersion = 55;
	objects = {

/* Begin PBXBuildFile section */
		97B2F52A286E11C100A07EAD /* ColorAppApp.swift in Sources */ = {isa = PBXBuildFile; fileRef = 97B2F529286E11C100A07EAD /* ColorAppApp.swift */; };
		97B2F52C286E11C100A07EAD /* ContentView.swift in Sources */ = {isa = PBXBuildFile; fileRef = 97B2F52B286E11C100A07EAD /* ContentView.swift */; };
		97B2F52E286E11C200A07EAD /* Assets.xcassets in Resources */ = {isa = PBXBuildFile; fileRef = 97B2F52D286E11C200A07EAD /* Assets.xcassets */; };
		97B2F531286E11C200A07EAD /* Preview Assets.xcassets in Resources */ = {isa = PBXBuildFile; fileRef = 97B2F530286E11C200A07EAD /* Preview Assets.xcassets */; };
		97B2F53B286E11C200A07EAD /* ColorAppTests.swift in Sources */ = {isa = PBXBuildFile; fileRef = 97B2F53A286E11C200A07EAD /* ColorAppTests.swift */; };
		97B2F545286E11C200A07EAD /* ColorAppUITests.swift in Sources */ = {isa = PBXBuildFile; fileRef = 97B2F544286E11C200A07EAD /* ColorAppUITests.swift */; };
		97B2F547286E11C200A07EAD /* ColorAppUITestsLaunchTests.swift in Sources */ = {isa = PBXBuildFile; fileRef = 97B2F546286E11C200A07EAD /* ColorAppUITestsLaunchTests.swift */; };
		97B2F559286E149300A07EAD /* RestStorageService.swift in Sources */ = {isa = PBXBuildFile; fileRef = 97B2F558286E149300A07EAD /* RestStorageService.swift */; };
		97B2F562286E1A7E00A07EAD /* Storage.swift in Sources */ = {isa = PBXBuildFile; fileRef = 97B2F561286E1A7E00A07EAD /* Storage.swift */; };
		97B2F565286E1F2300A07EAD /* RestClient.swift in Sources */ = {isa = PBXBuildFile; fileRef = 97B2F564286E1F2300A07EAD /* RestClient.swift */; };
		97B2F5692871CB1500A07EAD /* ViewModel.swift in Sources */ = {isa = PBXBuildFile; fileRef = 97B2F5682871CB1500A07EAD /* ViewModel.swift */; };
		97B2F56F2871D36F00A07EAD /* LoginView.swift in Sources */ = {isa = PBXBuildFile; fileRef = 97B2F56E2871D36F00A07EAD /* LoginView.swift */; };
		97B2F5712871D37900A07EAD /* ColorView.swift in Sources */ = {isa = PBXBuildFile; fileRef = 97B2F5702871D37900A07EAD /* ColorView.swift */; };
		97B2F5732871D44800A07EAD /* MockStorageService.swift in Sources */ = {isa = PBXBuildFile; fileRef = 97B2F5722871D44800A07EAD /* MockStorageService.swift */; };
		97B2F5782872246000A07EAD /* KeychainSwift in Frameworks */ = {isa = PBXBuildFile; productRef = 97B2F5772872246000A07EAD /* KeychainSwift */; };
		97B2F57C287317CD00A07EAD /* KeychainSwift in Frameworks */ = {isa = PBXBuildFile; productRef = 97B2F57B287317CD00A07EAD /* KeychainSwift */; };
		97B2F57F2873183400A07EAD /* KeychainSwift in Frameworks */ = {isa = PBXBuildFile; productRef = 97B2F57E2873183400A07EAD /* KeychainSwift */; };
		97B2F5822873186D00A07EAD /* BlackLabsColor in Frameworks */ = {isa = PBXBuildFile; productRef = 97B2F5812873186D00A07EAD /* BlackLabsColor */; };
/* End PBXBuildFile section */

/* Begin PBXContainerItemProxy section */
		97B2F537286E11C200A07EAD /* PBXContainerItemProxy */ = {
			isa = PBXContainerItemProxy;
			containerPortal = 97B2F51E286E11C100A07EAD /* Project object */;
			proxyType = 1;
			remoteGlobalIDString = 97B2F525286E11C100A07EAD;
			remoteInfo = ColorApp;
		};
		97B2F541286E11C200A07EAD /* PBXContainerItemProxy */ = {
			isa = PBXContainerItemProxy;
			containerPortal = 97B2F51E286E11C100A07EAD /* Project object */;
			proxyType = 1;
			remoteGlobalIDString = 97B2F525286E11C100A07EAD;
			remoteInfo = ColorApp;
		};
/* End PBXContainerItemProxy section */

/* Begin PBXFileReference section */
		97B2F526286E11C100A07EAD /* ColorApp.app */ = {isa = PBXFileReference; explicitFileType = wrapper.application; includeInIndex = 0; path = ColorApp.app; sourceTree = BUILT_PRODUCTS_DIR; };
		97B2F529286E11C100A07EAD /* ColorAppApp.swift */ = {isa = PBXFileReference; lastKnownFileType = sourcecode.swift; path = ColorAppApp.swift; sourceTree = "<group>"; };
		97B2F52B286E11C100A07EAD /* ContentView.swift */ = {isa = PBXFileReference; lastKnownFileType = sourcecode.swift; path = ContentView.swift; sourceTree = "<group>"; };
		97B2F52D286E11C200A07EAD /* Assets.xcassets */ = {isa = PBXFileReference; lastKnownFileType = folder.assetcatalog; path = Assets.xcassets; sourceTree = "<group>"; };
		97B2F530286E11C200A07EAD /* Preview Assets.xcassets */ = {isa = PBXFileReference; lastKnownFileType = folder.assetcatalog; path = "Preview Assets.xcassets"; sourceTree = "<group>"; };
		97B2F536286E11C200A07EAD /* ColorAppTests.xctest */ = {isa = PBXFileReference; explicitFileType = wrapper.cfbundle; includeInIndex = 0; path = ColorAppTests.xctest; sourceTree = BUILT_PRODUCTS_DIR; };
		97B2F53A286E11C200A07EAD /* ColorAppTests.swift */ = {isa = PBXFileReference; lastKnownFileType = sourcecode.swift; path = ColorAppTests.swift; sourceTree = "<group>"; };
		97B2F540286E11C200A07EAD /* ColorAppUITests.xctest */ = {isa = PBXFileReference; explicitFileType = wrapper.cfbundle; includeInIndex = 0; path = ColorAppUITests.xctest; sourceTree = BUILT_PRODUCTS_DIR; };
		97B2F544286E11C200A07EAD /* ColorAppUITests.swift */ = {isa = PBXFileReference; lastKnownFileType = sourcecode.swift; path = ColorAppUITests.swift; sourceTree = "<group>"; };
		97B2F546286E11C200A07EAD /* ColorAppUITestsLaunchTests.swift */ = {isa = PBXFileReference; lastKnownFileType = sourcecode.swift; path = ColorAppUITestsLaunchTests.swift; sourceTree = "<group>"; };
		97B2F558286E149300A07EAD /* RestStorageService.swift */ = {isa = PBXFileReference; lastKnownFileType = sourcecode.swift; path = RestStorageService.swift; sourceTree = "<group>"; };
		97B2F561286E1A7E00A07EAD /* Storage.swift */ = {isa = PBXFileReference; lastKnownFileType = sourcecode.swift; path = Storage.swift; sourceTree = "<group>"; };
		97B2F564286E1F2300A07EAD /* RestClient.swift */ = {isa = PBXFileReference; lastKnownFileType = sourcecode.swift; path = RestClient.swift; sourceTree = "<group>"; };
		97B2F5682871CB1500A07EAD /* ViewModel.swift */ = {isa = PBXFileReference; lastKnownFileType = sourcecode.swift; path = ViewModel.swift; sourceTree = "<group>"; };
		97B2F56E2871D36F00A07EAD /* LoginView.swift */ = {isa = PBXFileReference; lastKnownFileType = sourcecode.swift; path = LoginView.swift; sourceTree = "<group>"; };
		97B2F5702871D37900A07EAD /* ColorView.swift */ = {isa = PBXFileReference; lastKnownFileType = sourcecode.swift; path = ColorView.swift; sourceTree = "<group>"; };
		97B2F5722871D44800A07EAD /* MockStorageService.swift */ = {isa = PBXFileReference; lastKnownFileType = sourcecode.swift; path = MockStorageService.swift; sourceTree = "<group>"; };
/* End PBXFileReference section */

/* Begin PBXFrameworksBuildPhase section */
		97B2F523286E11C100A07EAD /* Frameworks */ = {
			isa = PBXFrameworksBuildPhase;
			buildActionMask = 2147483647;
			files = (
				97B2F5822873186D00A07EAD /* BlackLabsColor in Frameworks */,
				97B2F57F2873183400A07EAD /* KeychainSwift in Frameworks */,
				97B2F57C287317CD00A07EAD /* KeychainSwift in Frameworks */,
				97B2F5782872246000A07EAD /* KeychainSwift in Frameworks */,
			);
			runOnlyForDeploymentPostprocessing = 0;
		};
		97B2F533286E11C200A07EAD /* Frameworks */ = {
			isa = PBXFrameworksBuildPhase;
			buildActionMask = 2147483647;
			files = (
			);
			runOnlyForDeploymentPostprocessing = 0;
		};
		97B2F53D286E11C200A07EAD /* Frameworks */ = {
			isa = PBXFrameworksBuildPhase;
			buildActionMask = 2147483647;
			files = (
			);
			runOnlyForDeploymentPostprocessing = 0;
		};
/* End PBXFrameworksBuildPhase section */

/* Begin PBXGroup section */
		97B2F51D286E11C100A07EAD = {
			isa = PBXGroup;
			children = (
				97B2F528286E11C100A07EAD /* ColorApp */,
				97B2F539286E11C200A07EAD /* ColorAppTests */,
				97B2F543286E11C200A07EAD /* ColorAppUITests */,
				97B2F527286E11C100A07EAD /* Products */,
			);
			sourceTree = "<group>";
		};
		97B2F527286E11C100A07EAD /* Products */ = {
			isa = PBXGroup;
			children = (
				97B2F526286E11C100A07EAD /* ColorApp.app */,
				97B2F536286E11C200A07EAD /* ColorAppTests.xctest */,
				97B2F540286E11C200A07EAD /* ColorAppUITests.xctest */,
			);
			name = Products;
			sourceTree = "<group>";
		};
		97B2F528286E11C100A07EAD /* ColorApp */ = {
			isa = PBXGroup;
			children = (
				97B2F57928722F2200A07EAD /* Mock */,
				97B2F563286E1EB200A07EAD /* Networking */,
				97B2F55B286E15CB00A07EAD /* ViewModel */,
				97B2F55A286E15C200A07EAD /* Model */,
				97B2F553286E11EB00A07EAD /* Service */,
				97B2F529286E11C100A07EAD /* ColorAppApp.swift */,
				97B2F52B286E11C100A07EAD /* ContentView.swift */,
				97B2F56E2871D36F00A07EAD /* LoginView.swift */,
				97B2F5702871D37900A07EAD /* ColorView.swift */,
				97B2F52D286E11C200A07EAD /* Assets.xcassets */,
				97B2F52F286E11C200A07EAD /* Preview Content */,
			);
			path = ColorApp;
			sourceTree = "<group>";
		};
		97B2F52F286E11C200A07EAD /* Preview Content */ = {
			isa = PBXGroup;
			children = (
				97B2F530286E11C200A07EAD /* Preview Assets.xcassets */,
			);
			path = "Preview Content";
			sourceTree = "<group>";
		};
		97B2F539286E11C200A07EAD /* ColorAppTests */ = {
			isa = PBXGroup;
			children = (
				97B2F53A286E11C200A07EAD /* ColorAppTests.swift */,
			);
			path = ColorAppTests;
			sourceTree = "<group>";
		};
		97B2F543286E11C200A07EAD /* ColorAppUITests */ = {
			isa = PBXGroup;
			children = (
				97B2F544286E11C200A07EAD /* ColorAppUITests.swift */,
				97B2F546286E11C200A07EAD /* ColorAppUITestsLaunchTests.swift */,
			);
			path = ColorAppUITests;
			sourceTree = "<group>";
		};
		97B2F553286E11EB00A07EAD /* Service */ = {
			isa = PBXGroup;
			children = (
				97B2F558286E149300A07EAD /* RestStorageService.swift */,
			);
			path = Service;
			sourceTree = "<group>";
		};
		97B2F55A286E15C200A07EAD /* Model */ = {
			isa = PBXGroup;
			children = (
				97B2F561286E1A7E00A07EAD /* Storage.swift */,
			);
			path = Model;
			sourceTree = "<group>";
		};
		97B2F55B286E15CB00A07EAD /* ViewModel */ = {
			isa = PBXGroup;
			children = (
				97B2F5682871CB1500A07EAD /* ViewModel.swift */,
			);
			path = ViewModel;
			sourceTree = "<group>";
		};
		97B2F563286E1EB200A07EAD /* Networking */ = {
			isa = PBXGroup;
			children = (
				97B2F564286E1F2300A07EAD /* RestClient.swift */,
			);
			path = Networking;
			sourceTree = "<group>";
		};
		97B2F57928722F2200A07EAD /* Mock */ = {
			isa = PBXGroup;
			children = (
				97B2F5722871D44800A07EAD /* MockStorageService.swift */,
			);
			path = Mock;
			sourceTree = "<group>";
		};
/* End PBXGroup section */

/* Begin PBXNativeTarget section */
		97B2F525286E11C100A07EAD /* ColorApp */ = {
			isa = PBXNativeTarget;
			buildConfigurationList = 97B2F54A286E11C200A07EAD /* Build configuration list for PBXNativeTarget "ColorApp" */;
			buildPhases = (
				97B2F522286E11C100A07EAD /* Sources */,
				97B2F523286E11C100A07EAD /* Frameworks */,
				97B2F524286E11C100A07EAD /* Resources */,
			);
			buildRules = (
			);
			dependencies = (
			);
			name = ColorApp;
			packageProductDependencies = (
				97B2F5772872246000A07EAD /* KeychainSwift */,
				97B2F57B287317CD00A07EAD /* KeychainSwift */,
				97B2F57E2873183400A07EAD /* KeychainSwift */,
				97B2F5812873186D00A07EAD /* BlackLabsColor */,
			);
			productName = ColorApp;
			productReference = 97B2F526286E11C100A07EAD /* ColorApp.app */;
			productType = "com.apple.product-type.application";
		};
		97B2F535286E11C200A07EAD /* ColorAppTests */ = {
			isa = PBXNativeTarget;
			buildConfigurationList = 97B2F54D286E11C200A07EAD /* Build configuration list for PBXNativeTarget "ColorAppTests" */;
			buildPhases = (
				97B2F532286E11C200A07EAD /* Sources */,
				97B2F533286E11C200A07EAD /* Frameworks */,
				97B2F534286E11C200A07EAD /* Resources */,
			);
			buildRules = (
			);
			dependencies = (
				97B2F538286E11C200A07EAD /* PBXTargetDependency */,
			);
			name = ColorAppTests;
			productName = ColorAppTests;
			productReference = 97B2F536286E11C200A07EAD /* ColorAppTests.xctest */;
			productType = "com.apple.product-type.bundle.unit-test";
		};
		97B2F53F286E11C200A07EAD /* ColorAppUITests */ = {
			isa = PBXNativeTarget;
			buildConfigurationList = 97B2F550286E11C200A07EAD /* Build configuration list for PBXNativeTarget "ColorAppUITests" */;
			buildPhases = (
				97B2F53C286E11C200A07EAD /* Sources */,
				97B2F53D286E11C200A07EAD /* Frameworks */,
				97B2F53E286E11C200A07EAD /* Resources */,
			);
			buildRules = (
			);
			dependencies = (
				97B2F542286E11C200A07EAD /* PBXTargetDependency */,
			);
			name = ColorAppUITests;
			productName = ColorAppUITests;
			productReference = 97B2F540286E11C200A07EAD /* ColorAppUITests.xctest */;
			productType = "com.apple.product-type.bundle.ui-testing";
		};
/* End PBXNativeTarget section */

/* Begin PBXProject section */
		97B2F51E286E11C100A07EAD /* Project object */ = {
			isa = PBXProject;
			attributes = {
				BuildIndependentTargetsInParallel = 1;
				LastSwiftUpdateCheck = 1330;
				LastUpgradeCheck = 1330;
				TargetAttributes = {
					97B2F525286E11C100A07EAD = {
						CreatedOnToolsVersion = 13.3.1;
					};
					97B2F535286E11C200A07EAD = {
						CreatedOnToolsVersion = 13.3.1;
						TestTargetID = 97B2F525286E11C100A07EAD;
					};
					97B2F53F286E11C200A07EAD = {
						CreatedOnToolsVersion = 13.3.1;
						TestTargetID = 97B2F525286E11C100A07EAD;
					};
				};
			};
			buildConfigurationList = 97B2F521286E11C100A07EAD /* Build configuration list for PBXProject "ColorApp" */;
			compatibilityVersion = "Xcode 13.0";
			developmentRegion = en;
			hasScannedForEncodings = 0;
			knownRegions = (
				en,
				Base,
			);
			mainGroup = 97B2F51D286E11C100A07EAD;
			packageReferences = (
				97B2F5762872246000A07EAD /* XCRemoteSwiftPackageReference "keychain-swift" */,
				97B2F5802873186D00A07EAD /* XCRemoteSwiftPackageReference "BlackLabsColor" */,
			);
			productRefGroup = 97B2F527286E11C100A07EAD /* Products */;
			projectDirPath = "";
			projectRoot = "";
			targets = (
				97B2F525286E11C100A07EAD /* ColorApp */,
				97B2F535286E11C200A07EAD /* ColorAppTests */,
				97B2F53F286E11C200A07EAD /* ColorAppUITests */,
			);
		};
/* End PBXProject section */

/* Begin PBXResourcesBuildPhase section */
		97B2F524286E11C100A07EAD /* Resources */ = {
			isa = PBXResourcesBuildPhase;
			buildActionMask = 2147483647;
			files = (
				97B2F531286E11C200A07EAD /* Preview Assets.xcassets in Resources */,
				97B2F52E286E11C200A07EAD /* Assets.xcassets in Resources */,
			);
			runOnlyForDeploymentPostprocessing = 0;
		};
		97B2F534286E11C200A07EAD /* Resources */ = {
			isa = PBXResourcesBuildPhase;
			buildActionMask = 2147483647;
			files = (
			);
			runOnlyForDeploymentPostprocessing = 0;
		};
		97B2F53E286E11C200A07EAD /* Resources */ = {
			isa = PBXResourcesBuildPhase;
			buildActionMask = 2147483647;
			files = (
			);
			runOnlyForDeploymentPostprocessing = 0;
		};
/* End PBXResourcesBuildPhase section */

/* Begin PBXSourcesBuildPhase section */
		97B2F522286E11C100A07EAD /* Sources */ = {
			isa = PBXSourcesBuildPhase;
			buildActionMask = 2147483647;
			files = (
				97B2F565286E1F2300A07EAD /* RestClient.swift in Sources */,
				97B2F56F2871D36F00A07EAD /* LoginView.swift in Sources */,
				97B2F5732871D44800A07EAD /* MockStorageService.swift in Sources */,
				97B2F5692871CB1500A07EAD /* ViewModel.swift in Sources */,
				97B2F52C286E11C100A07EAD /* ContentView.swift in Sources */,
				97B2F5712871D37900A07EAD /* ColorView.swift in Sources */,
				97B2F562286E1A7E00A07EAD /* Storage.swift in Sources */,
				97B2F52A286E11C100A07EAD /* ColorAppApp.swift in Sources */,
				97B2F559286E149300A07EAD /* RestStorageService.swift in Sources */,
			);
			runOnlyForDeploymentPostprocessing = 0;
		};
		97B2F532286E11C200A07EAD /* Sources */ = {
			isa = PBXSourcesBuildPhase;
			buildActionMask = 2147483647;
			files = (
				97B2F53B286E11C200A07EAD /* ColorAppTests.swift in Sources */,
			);
			runOnlyForDeploymentPostprocessing = 0;
		};
		97B2F53C286E11C200A07EAD /* Sources */ = {
			isa = PBXSourcesBuildPhase;
			buildActionMask = 2147483647;
			files = (
				97B2F547286E11C200A07EAD /* ColorAppUITestsLaunchTests.swift in Sources */,
				97B2F545286E11C200A07EAD /* ColorAppUITests.swift in Sources */,
			);
			runOnlyForDeploymentPostprocessing = 0;
		};
/* End PBXSourcesBuildPhase section */

/* Begin PBXTargetDependency section */
		97B2F538286E11C200A07EAD /* PBXTargetDependency */ = {
			isa = PBXTargetDependency;
			target = 97B2F525286E11C100A07EAD /* ColorApp */;
			targetProxy = 97B2F537286E11C200A07EAD /* PBXContainerItemProxy */;
		};
		97B2F542286E11C200A07EAD /* PBXTargetDependency */ = {
			isa = PBXTargetDependency;
			target = 97B2F525286E11C100A07EAD /* ColorApp */;
			targetProxy = 97B2F541286E11C200A07EAD /* PBXContainerItemProxy */;
		};
/* End PBXTargetDependency section */

/* Begin XCBuildConfiguration section */
		97B2F548286E11C200A07EAD /* Debug */ = {
			isa = XCBuildConfiguration;
			buildSettings = {
				ALWAYS_SEARCH_USER_PATHS = NO;
				CLANG_ANALYZER_NONNULL = YES;
				CLANG_ANALYZER_NUMBER_OBJECT_CONVERSION = YES_AGGRESSIVE;
				CLANG_CXX_LANGUAGE_STANDARD = "gnu++17";
				CLANG_ENABLE_MODULES = YES;
				CLANG_ENABLE_OBJC_ARC = YES;
				CLANG_ENABLE_OBJC_WEAK = YES;
				CLANG_WARN_BLOCK_CAPTURE_AUTORELEASING = YES;
				CLANG_WARN_BOOL_CONVERSION = YES;
				CLANG_WARN_COMMA = YES;
				CLANG_WARN_CONSTANT_CONVERSION = YES;
				CLANG_WARN_DEPRECATED_OBJC_IMPLEMENTATIONS = YES;
				CLANG_WARN_DIRECT_OBJC_ISA_USAGE = YES_ERROR;
				CLANG_WARN_DOCUMENTATION_COMMENTS = YES;
				CLANG_WARN_EMPTY_BODY = YES;
				CLANG_WARN_ENUM_CONVERSION = YES;
				CLANG_WARN_INFINITE_RECURSION = YES;
				CLANG_WARN_INT_CONVERSION = YES;
				CLANG_WARN_NON_LITERAL_NULL_CONVERSION = YES;
				CLANG_WARN_OBJC_IMPLICIT_RETAIN_SELF = YES;
				CLANG_WARN_OBJC_LITERAL_CONVERSION = YES;
				CLANG_WARN_OBJC_ROOT_CLASS = YES_ERROR;
				CLANG_WARN_QUOTED_INCLUDE_IN_FRAMEWORK_HEADER = YES;
				CLANG_WARN_RANGE_LOOP_ANALYSIS = YES;
				CLANG_WARN_STRICT_PROTOTYPES = YES;
				CLANG_WARN_SUSPICIOUS_MOVE = YES;
				CLANG_WARN_UNGUARDED_AVAILABILITY = YES_AGGRESSIVE;
				CLANG_WARN_UNREACHABLE_CODE = YES;
				CLANG_WARN__DUPLICATE_METHOD_MATCH = YES;
				COPY_PHASE_STRIP = NO;
				DEBUG_INFORMATION_FORMAT = dwarf;
				ENABLE_STRICT_OBJC_MSGSEND = YES;
				ENABLE_TESTABILITY = YES;
				GCC_C_LANGUAGE_STANDARD = gnu11;
				GCC_DYNAMIC_NO_PIC = NO;
				GCC_NO_COMMON_BLOCKS = YES;
				GCC_OPTIMIZATION_LEVEL = 0;
				GCC_PREPROCESSOR_DEFINITIONS = (
					"DEBUG=1",
					"$(inherited)",
				);
				GCC_WARN_64_TO_32_BIT_CONVERSION = YES;
				GCC_WARN_ABOUT_RETURN_TYPE = YES_ERROR;
				GCC_WARN_UNDECLARED_SELECTOR = YES;
				GCC_WARN_UNINITIALIZED_AUTOS = YES_AGGRESSIVE;
				GCC_WARN_UNUSED_FUNCTION = YES;
				GCC_WARN_UNUSED_VARIABLE = YES;
				IPHONEOS_DEPLOYMENT_TARGET = 15.4;
				MTL_ENABLE_DEBUG_INFO = INCLUDE_SOURCE;
				MTL_FAST_MATH = YES;
				ONLY_ACTIVE_ARCH = YES;
				SDKROOT = iphoneos;
				SWIFT_ACTIVE_COMPILATION_CONDITIONS = DEBUG;
				SWIFT_OPTIMIZATION_LEVEL = "-Onone";
			};
			name = Debug;
		};
		97B2F549286E11C200A07EAD /* Release */ = {
			isa = XCBuildConfiguration;
			buildSettings = {
				ALWAYS_SEARCH_USER_PATHS = NO;
				CLANG_ANALYZER_NONNULL = YES;
				CLANG_ANALYZER_NUMBER_OBJECT_CONVERSION = YES_AGGRESSIVE;
				CLANG_CXX_LANGUAGE_STANDARD = "gnu++17";
				CLANG_ENABLE_MODULES = YES;
				CLANG_ENABLE_OBJC_ARC = YES;
				CLANG_ENABLE_OBJC_WEAK = YES;
				CLANG_WARN_BLOCK_CAPTURE_AUTORELEASING = YES;
				CLANG_WARN_BOOL_CONVERSION = YES;
				CLANG_WARN_COMMA = YES;
				CLANG_WARN_CONSTANT_CONVERSION = YES;
				CLANG_WARN_DEPRECATED_OBJC_IMPLEMENTATIONS = YES;
				CLANG_WARN_DIRECT_OBJC_ISA_USAGE = YES_ERROR;
				CLANG_WARN_DOCUMENTATION_COMMENTS = YES;
				CLANG_WARN_EMPTY_BODY = YES;
				CLANG_WARN_ENUM_CONVERSION = YES;
				CLANG_WARN_INFINITE_RECURSION = YES;
				CLANG_WARN_INT_CONVERSION = YES;
				CLANG_WARN_NON_LITERAL_NULL_CONVERSION = YES;
				CLANG_WARN_OBJC_IMPLICIT_RETAIN_SELF = YES;
				CLANG_WARN_OBJC_LITERAL_CONVERSION = YES;
				CLANG_WARN_OBJC_ROOT_CLASS = YES_ERROR;
				CLANG_WARN_QUOTED_INCLUDE_IN_FRAMEWORK_HEADER = YES;
				CLANG_WARN_RANGE_LOOP_ANALYSIS = YES;
				CLANG_WARN_STRICT_PROTOTYPES = YES;
				CLANG_WARN_SUSPICIOUS_MOVE = YES;
				CLANG_WARN_UNGUARDED_AVAILABILITY = YES_AGGRESSIVE;
				CLANG_WARN_UNREACHABLE_CODE = YES;
				CLANG_WARN__DUPLICATE_METHOD_MATCH = YES;
				COPY_PHASE_STRIP = NO;
				DEBUG_INFORMATION_FORMAT = "dwarf-with-dsym";
				ENABLE_NS_ASSERTIONS = NO;
				ENABLE_STRICT_OBJC_MSGSEND = YES;
				GCC_C_LANGUAGE_STANDARD = gnu11;
				GCC_NO_COMMON_BLOCKS = YES;
				GCC_WARN_64_TO_32_BIT_CONVERSION = YES;
				GCC_WARN_ABOUT_RETURN_TYPE = YES_ERROR;
				GCC_WARN_UNDECLARED_SELECTOR = YES;
				GCC_WARN_UNINITIALIZED_AUTOS = YES_AGGRESSIVE;
				GCC_WARN_UNUSED_FUNCTION = YES;
				GCC_WARN_UNUSED_VARIABLE = YES;
				IPHONEOS_DEPLOYMENT_TARGET = 15.4;
				MTL_ENABLE_DEBUG_INFO = NO;
				MTL_FAST_MATH = YES;
				SDKROOT = iphoneos;
				SWIFT_COMPILATION_MODE = wholemodule;
				SWIFT_OPTIMIZATION_LEVEL = "-O";
				VALIDATE_PRODUCT = YES;
			};
			name = Release;
		};
		97B2F54B286E11C200A07EAD /* Debug */ = {
			isa = XCBuildConfiguration;
			buildSettings = {
				ASSETCATALOG_COMPILER_APPICON_NAME = AppIcon;
				ASSETCATALOG_COMPILER_GLOBAL_ACCENT_COLOR_NAME = AccentColor;
				CODE_SIGN_STYLE = Automatic;
				CURRENT_PROJECT_VERSION = 1;
				DEVELOPMENT_ASSET_PATHS = "\"ColorApp/Preview Content\"";
				DEVELOPMENT_TEAM = 99Q9SFJ7N4;
				ENABLE_PREVIEWS = YES;
				GENERATE_INFOPLIST_FILE = YES;
				INFOPLIST_KEY_UIApplicationSceneManifest_Generation = YES;
				INFOPLIST_KEY_UIApplicationSupportsIndirectInputEvents = YES;
				INFOPLIST_KEY_UILaunchScreen_Generation = YES;
				INFOPLIST_KEY_UISupportedInterfaceOrientations_iPad = "UIInterfaceOrientationPortrait UIInterfaceOrientationPortraitUpsideDown UIInterfaceOrientationLandscapeLeft UIInterfaceOrientationLandscapeRight";
				INFOPLIST_KEY_UISupportedInterfaceOrientations_iPhone = "UIInterfaceOrientationPortrait UIInterfaceOrientationLandscapeLeft UIInterfaceOrientationLandscapeRight";
				LD_RUNPATH_SEARCH_PATHS = (
					"$(inherited)",
					"@executable_path/Frameworks",
				);
				MARKETING_VERSION = 1.0;
				PRODUCT_BUNDLE_IDENTIFIER = org.foo.ColorApp;
				PRODUCT_NAME = "$(TARGET_NAME)";
				SWIFT_EMIT_LOC_STRINGS = YES;
				SWIFT_VERSION = 5.0;
				TARGETED_DEVICE_FAMILY = "1,2";
			};
			name = Debug;
		};
		97B2F54C286E11C200A07EAD /* Release */ = {
			isa = XCBuildConfiguration;
			buildSettings = {
				ASSETCATALOG_COMPILER_APPICON_NAME = AppIcon;
				ASSETCATALOG_COMPILER_GLOBAL_ACCENT_COLOR_NAME = AccentColor;
				CODE_SIGN_STYLE = Automatic;
				CURRENT_PROJECT_VERSION = 1;
				DEVELOPMENT_ASSET_PATHS = "\"ColorApp/Preview Content\"";
				DEVELOPMENT_TEAM = 99Q9SFJ7N4;
				ENABLE_PREVIEWS = YES;
				GENERATE_INFOPLIST_FILE = YES;
				INFOPLIST_KEY_UIApplicationSceneManifest_Generation = YES;
				INFOPLIST_KEY_UIApplicationSupportsIndirectInputEvents = YES;
				INFOPLIST_KEY_UILaunchScreen_Generation = YES;
				INFOPLIST_KEY_UISupportedInterfaceOrientations_iPad = "UIInterfaceOrientationPortrait UIInterfaceOrientationPortraitUpsideDown UIInterfaceOrientationLandscapeLeft UIInterfaceOrientationLandscapeRight";
				INFOPLIST_KEY_UISupportedInterfaceOrientations_iPhone = "UIInterfaceOrientationPortrait UIInterfaceOrientationLandscapeLeft UIInterfaceOrientationLandscapeRight";
				LD_RUNPATH_SEARCH_PATHS = (
					"$(inherited)",
					"@executable_path/Frameworks",
				);
				MARKETING_VERSION = 1.0;
				PRODUCT_BUNDLE_IDENTIFIER = org.foo.ColorApp;
				PRODUCT_NAME = "$(TARGET_NAME)";
				SWIFT_EMIT_LOC_STRINGS = YES;
				SWIFT_VERSION = 5.0;
				TARGETED_DEVICE_FAMILY = "1,2";
			};
			name = Release;
		};
		97B2F54E286E11C200A07EAD /* Debug */ = {
			isa = XCBuildConfiguration;
			buildSettings = {
				ALWAYS_EMBED_SWIFT_STANDARD_LIBRARIES = YES;
				BUNDLE_LOADER = "$(TEST_HOST)";
				CODE_SIGN_STYLE = Automatic;
				CURRENT_PROJECT_VERSION = 1;
				DEVELOPMENT_TEAM = 99Q9SFJ7N4;
				GENERATE_INFOPLIST_FILE = YES;
				IPHONEOS_DEPLOYMENT_TARGET = 15.4;
				MARKETING_VERSION = 1.0;
				PRODUCT_BUNDLE_IDENTIFIER = org.foo.ColorAppTests;
				PRODUCT_NAME = "$(TARGET_NAME)";
				SWIFT_EMIT_LOC_STRINGS = NO;
				SWIFT_VERSION = 5.0;
				TARGETED_DEVICE_FAMILY = "1,2";
				TEST_HOST = "$(BUILT_PRODUCTS_DIR)/ColorApp.app/ColorApp";
			};
			name = Debug;
		};
		97B2F54F286E11C200A07EAD /* Release */ = {
			isa = XCBuildConfiguration;
			buildSettings = {
				ALWAYS_EMBED_SWIFT_STANDARD_LIBRARIES = YES;
				BUNDLE_LOADER = "$(TEST_HOST)";
				CODE_SIGN_STYLE = Automatic;
				CURRENT_PROJECT_VERSION = 1;
				DEVELOPMENT_TEAM = 99Q9SFJ7N4;
				GENERATE_INFOPLIST_FILE = YES;
				IPHONEOS_DEPLOYMENT_TARGET = 15.4;
				MARKETING_VERSION = 1.0;
				PRODUCT_BUNDLE_IDENTIFIER = org.foo.ColorAppTests;
				PRODUCT_NAME = "$(TARGET_NAME)";
				SWIFT_EMIT_LOC_STRINGS = NO;
				SWIFT_VERSION = 5.0;
				TARGETED_DEVICE_FAMILY = "1,2";
				TEST_HOST = "$(BUILT_PRODUCTS_DIR)/ColorApp.app/ColorApp";
			};
			name = Release;
		};
		97B2F551286E11C200A07EAD /* Debug */ = {
			isa = XCBuildConfiguration;
			buildSettings = {
				ALWAYS_EMBED_SWIFT_STANDARD_LIBRARIES = YES;
				CODE_SIGN_STYLE = Automatic;
				CURRENT_PROJECT_VERSION = 1;
				DEVELOPMENT_TEAM = 99Q9SFJ7N4;
				GENERATE_INFOPLIST_FILE = YES;
				MARKETING_VERSION = 1.0;
				PRODUCT_BUNDLE_IDENTIFIER = org.foo.ColorAppUITests;
				PRODUCT_NAME = "$(TARGET_NAME)";
				SWIFT_EMIT_LOC_STRINGS = NO;
				SWIFT_VERSION = 5.0;
				TARGETED_DEVICE_FAMILY = "1,2";
				TEST_TARGET_NAME = ColorApp;
			};
			name = Debug;
		};
		97B2F552286E11C200A07EAD /* Release */ = {
			isa = XCBuildConfiguration;
			buildSettings = {
				ALWAYS_EMBED_SWIFT_STANDARD_LIBRARIES = YES;
				CODE_SIGN_STYLE = Automatic;
				CURRENT_PROJECT_VERSION = 1;
				DEVELOPMENT_TEAM = 99Q9SFJ7N4;
				GENERATE_INFOPLIST_FILE = YES;
				MARKETING_VERSION = 1.0;
				PRODUCT_BUNDLE_IDENTIFIER = org.foo.ColorAppUITests;
				PRODUCT_NAME = "$(TARGET_NAME)";
				SWIFT_EMIT_LOC_STRINGS = NO;
				SWIFT_VERSION = 5.0;
				TARGETED_DEVICE_FAMILY = "1,2";
				TEST_TARGET_NAME = ColorApp;
			};
			name = Release;
		};
/* End XCBuildConfiguration section */

/* Begin XCConfigurationList section */
		97B2F521286E11C100A07EAD /* Build configuration list for PBXProject "ColorApp" */ = {
			isa = XCConfigurationList;
			buildConfigurations = (
				97B2F548286E11C200A07EAD /* Debug */,
				97B2F549286E11C200A07EAD /* Release */,
			);
			defaultConfigurationIsVisible = 0;
			defaultConfigurationName = Release;
		};
		97B2F54A286E11C200A07EAD /* Build configuration list for PBXNativeTarget "ColorApp" */ = {
			isa = XCConfigurationList;
			buildConfigurations = (
				97B2F54B286E11C200A07EAD /* Debug */,
				97B2F54C286E11C200A07EAD /* Release */,
			);
			defaultConfigurationIsVisible = 0;
			defaultConfigurationName = Release;
		};
		97B2F54D286E11C200A07EAD /* Build configuration list for PBXNativeTarget "ColorAppTests" */ = {
			isa = XCConfigurationList;
			buildConfigurations = (
				97B2F54E286E11C200A07EAD /* Debug */,
				97B2F54F286E11C200A07EAD /* Release */,
			);
			defaultConfigurationIsVisible = 0;
			defaultConfigurationName = Release;
		};
		97B2F550286E11C200A07EAD /* Build configuration list for PBXNativeTarget "ColorAppUITests" */ = {
			isa = XCConfigurationList;
			buildConfigurations = (
				97B2F551286E11C200A07EAD /* Debug */,
				97B2F552286E11C200A07EAD /* Release */,
			);
			defaultConfigurationIsVisible = 0;
			defaultConfigurationName = Release;
		};
/* End XCConfigurationList section */

/* Begin XCRemoteSwiftPackageReference section */
		97B2F5762872246000A07EAD /* XCRemoteSwiftPackageReference "keychain-swift" */ = {
			isa = XCRemoteSwiftPackageReference;
			repositoryURL = "https://github.com/evgenyneu/keychain-swift.git";
			requirement = {
				branch = master;
				kind = branch;
			};
		};
		97B2F5802873186D00A07EAD /* XCRemoteSwiftPackageReference "BlackLabsColor" */ = {
			isa = XCRemoteSwiftPackageReference;
			repositoryURL = "https://github.com/NormanBitSolace/BlackLabsColor";
			requirement = {
				branch = master;
				kind = branch;
			};
		};
/* End XCRemoteSwiftPackageReference section */

/* Begin XCSwiftPackageProductDependency section */
		97B2F5772872246000A07EAD /* KeychainSwift */ = {
			isa = XCSwiftPackageProductDependency;
			package = 97B2F5762872246000A07EAD /* XCRemoteSwiftPackageReference "keychain-swift" */;
			productName = KeychainSwift;
		};
		97B2F57B287317CD00A07EAD /* KeychainSwift */ = {
			isa = XCSwiftPackageProductDependency;
			package = 97B2F5762872246000A07EAD /* XCRemoteSwiftPackageReference "keychain-swift" */;
			productName = KeychainSwift;
		};
		97B2F57E2873183400A07EAD /* KeychainSwift */ = {
			isa = XCSwiftPackageProductDependency;
			package = 97B2F5762872246000A07EAD /* XCRemoteSwiftPackageReference "keychain-swift" */;
			productName = KeychainSwift;
		};
		97B2F5812873186D00A07EAD /* BlackLabsColor */ = {
			isa = XCSwiftPackageProductDependency;
			package = 97B2F5802873186D00A07EAD /* XCRemoteSwiftPackageReference "BlackLabsColor" */;
			productName = BlackLabsColor;
		};
/* End XCSwiftPackageProductDependency section */
	};
	rootObject = 97B2F51E286E11C100A07EAD /* Project object */;
}
